{
  "version": 4,
  "terraform_version": "1.4.6",
  "serial": 524,
  "lineage": "ad70428d-cd1f-4568-5bd4-772aae3a086f",
  "outputs": {
    "floating_ip_ubuntu20": {
      "value": "149.165.172.142",
      "type": "string"
    },
    "url": {
      "value": "http://wellsaar-nginx.CIS230103.projects.jetstream-cloud.org",
      "type": "string"
    }
  },
  "resources": [
    {
      "mode": "data",
      "type": "openstack_identity_auth_scope_v3",
      "name": "self_lookup",
      "provider": "provider[\"registry.terraform.io/terraform-provider-openstack/openstack\"]",
      "instances": [
        {
          "schema_version": 0,
          "attributes": {
            "domain_id": "",
            "domain_name": "",
            "id": "self_lookup",
            "name": "self_lookup",
            "project_domain_id": "863ca4dddb2f43d8a8919758eccbc23a",
            "project_domain_name": "ACCESS",
            "project_id": "4cd8d04bd97147deb120aaf90fabf3de",
            "project_name": "CIS230103",
            "region": "IU",
            "roles": [
              {
                "role_id": "f5f62ea1d24249f0aa9fbe4951ad76ce",
                "role_name": "member"
              }
            ],
            "service_catalog": [
              {
                "endpoints": [
                  {
                    "id": "3701c958a25c46b3bdd38be33a85c4c7",
                    "interface": "internal",
                    "region": "IU",
                    "region_id": "IU",
                    "url": "https://js2.jetstream-cloud.org:8000/v1"
                  },
                  {
                    "id": "382086062a044c869fe01d1c01cebb5f",
                    "interface": "public",
                    "region": "IU",
                    "region_id": "IU",
                    "url": "https://js2.jetstream-cloud.org:8000/v1"
                  },
                  {
                    "id": "f208fc1bd7ba45c2838b86a92fd038bd",
                    "interface": "admin",
                    "region": "IU",
                    "region_id": "IU",
                    "url": "https://js2.jetstream-cloud.org:8000/v1"
                  }
                ],
                "id": "11976c15ba9944e88d11c291033a1da8",
                "name": "heat-cfn",
                "type": "cloudformation"
              },
              {
                "endpoints": [
                  {
                    "id": "30c84a4bace045eebe4c91feb01a7be0",
                    "interface": "public",
                    "region": "IU",
                    "region_id": "IU",
                    "url": "https://js2.jetstream-cloud.org:9292"
                  },
                  {
                    "id": "38d849ceb23d4b1f8436d206cd11b9aa",
                    "interface": "internal",
                    "region": "IU",
                    "region_id": "IU",
                    "url": "https://js2.jetstream-cloud.org:9292"
                  },
                  {
                    "id": "e123d08f246041588af08d3621dfba61",
                    "interface": "admin",
                    "region": "IU",
                    "region_id": "IU",
                    "url": "https://js2.jetstream-cloud.org:9292"
                  }
                ],
                "id": "1cb8a168ca8248a1b076aa6ee3a3f58a",
                "name": "glance",
                "type": "image"
              },
              {
                "endpoints": [
                  {
                    "id": "9d691b7402eb4b40b5104d90d2324c99",
                    "interface": "public",
                    "region": "IU",
                    "region_id": "IU",
                    "url": "https://js2.jetstream-cloud.org:9001"
                  }
                ],
                "id": "21bd2a171d954edcbee3b7801f436e61",
                "name": "accounting",
                "type": "accounting"
              },
              {
                "endpoints": [
                  {
                    "id": "255fccaec5ce488ab1e8d04d06dbd80e",
                    "interface": "internal",
                    "region": "IU",
                    "region_id": "IU",
                    "url": "https://js2.jetstream-cloud.org:9696"
                  },
                  {
                    "id": "c8f4814b46dc46338af1ea989762be2a",
                    "interface": "admin",
                    "region": "IU",
                    "region_id": "IU",
                    "url": "https://js2.jetstream-cloud.org:9696"
                  },
                  {
                    "id": "f58ad11b8b574df68abd31650589ad89",
                    "interface": "public",
                    "region": "IU",
                    "region_id": "IU",
                    "url": "https://js2.jetstream-cloud.org:9696"
                  }
                ],
                "id": "491b5bd9cd9e41cd8b897664ddd398d1",
                "name": "neutron",
                "type": "network"
              },
              {
                "endpoints": [
                  {
                    "id": "1b418db0255641cbb344c900159fb0b2",
                    "interface": "internal",
                    "region": "IU",
                    "region_id": "IU",
                    "url": "https://js2.jetstream-cloud.org:9876"
                  },
                  {
                    "id": "b05f1186081a4dccb20880a1d0a2f045",
                    "interface": "admin",
                    "region": "IU",
                    "region_id": "IU",
                    "url": "https://js2.jetstream-cloud.org:9876"
                  },
                  {
                    "id": "f99f8562ca3e4727bd099293544552d6",
                    "interface": "public",
                    "region": "IU",
                    "region_id": "IU",
                    "url": "https://js2.jetstream-cloud.org:9876"
                  }
                ],
                "id": "53fa71480ba94bfc9c807d63c9b930d3",
                "name": "octavia",
                "type": "load-balancer"
              },
              {
                "endpoints": [
                  {
                    "id": "302601cbbed44874aebb04cd9ca7339c",
                    "interface": "internal",
                    "region": "IU",
                    "region_id": "IU",
                    "url": "https://js2.jetstream-cloud.org:8001/swift/v1"
                  },
                  {
                    "id": "3c54c86d51a148a1b69a429e5e26f11d",
                    "interface": "public",
                    "region": "IU",
                    "region_id": "IU",
                    "url": "https://js2.jetstream-cloud.org:8001/swift/v1"
                  },
                  {
                    "id": "df673b3dfd1b4eec87b6708153dc720c",
                    "interface": "admin",
                    "region": "IU",
                    "region_id": "IU",
                    "url": "https://js2.jetstream-cloud.org:8001/swift/v1"
                  }
                ],
                "id": "63d499e516fa40f7a77bcf91571e94e7",
                "name": "swift",
                "type": "object-store"
              },
              {
                "endpoints": [
                  {
                    "id": "42756c1471e3487396a9dba6411131a3",
                    "interface": "admin",
                    "region": "IU",
                    "region_id": "IU",
                    "url": "https://js2.jetstream-cloud.org:8778"
                  },
                  {
                    "id": "4c677a88ef804b02a483abff24a44b61",
                    "interface": "public",
                    "region": "IU",
                    "region_id": "IU",
                    "url": "https://js2.jetstream-cloud.org:8778"
                  },
                  {
                    "id": "df59d4d733744bf0aa2046dd0bfaa581",
                    "interface": "internal",
                    "region": "IU",
                    "region_id": "IU",
                    "url": "https://js2.jetstream-cloud.org:8778"
                  }
                ],
                "id": "721f3579bc254f22ad9cf2e4b3595fef",
                "name": "placement",
                "type": "placement"
              },
              {
                "endpoints": [
                  {
                    "id": "0cf47d0a6d9d4d2abd273505fea63b6d",
                    "interface": "admin",
                    "region": "IU",
                    "region_id": "IU",
                    "url": "https://js2.jetstream-cloud.org:5000/v3/"
                  },
                  {
                    "id": "216d74c3455548b6ae459820b5618629",
                    "interface": "internal",
                    "region": "IU",
                    "region_id": "IU",
                    "url": "https://js2.jetstream-cloud.org:5000/v3/"
                  },
                  {
                    "id": "d25d27791ec74675af195f426060a833",
                    "interface": "public",
                    "region": "IU",
                    "region_id": "IU",
                    "url": "https://js2.jetstream-cloud.org:5000/v3/"
                  }
                ],
                "id": "89ea5d899c91474a9fbbb67a099193f6",
                "name": "keystone",
                "type": "identity"
              },
              {
                "endpoints": [
                  {
                    "id": "0097aea8cb5045068ee7f25647e61c1e",
                    "interface": "internal",
                    "region": "IU",
                    "region_id": "IU",
                    "url": "https://js2.jetstream-cloud.org:8776/v2/4cd8d04bd97147deb120aaf90fabf3de"
                  },
                  {
                    "id": "538945339148423fb65bbc1cd949d75b",
                    "interface": "admin",
                    "region": "IU",
                    "region_id": "IU",
                    "url": "https://js2.jetstream-cloud.org:8776/v2/4cd8d04bd97147deb120aaf90fabf3de"
                  },
                  {
                    "id": "a37c5b81af124882855f92a8400d3932",
                    "interface": "public",
                    "region": "IU",
                    "region_id": "IU",
                    "url": "https://js2.jetstream-cloud.org:8776/v2/4cd8d04bd97147deb120aaf90fabf3de"
                  }
                ],
                "id": "8e934a1decc54a2cbeb2a10b4e3340c3",
                "name": "cinderv2",
                "type": "volumev2"
              },
              {
                "endpoints": [
                  {
                    "id": "27486d07473e46ef918d66a96943d282",
                    "interface": "internal",
                    "region": "IU",
                    "region_id": "IU",
                    "url": "https://js2.jetstream-cloud.org:8786/v1/4cd8d04bd97147deb120aaf90fabf3de"
                  },
                  {
                    "id": "3f2a14de9d1145a2858031821b1e51bc",
                    "interface": "admin",
                    "region": "IU",
                    "region_id": "IU",
                    "url": "https://js2.jetstream-cloud.org:8786/v1/4cd8d04bd97147deb120aaf90fabf3de"
                  },
                  {
                    "id": "5e718bb7806f4de6a9c35b1d97a2c7ba",
                    "interface": "public",
                    "region": "IU",
                    "region_id": "IU",
                    "url": "https://js2.jetstream-cloud.org:8786/v1/4cd8d04bd97147deb120aaf90fabf3de"
                  }
                ],
                "id": "95d79f12f44e4faa91c4ca5a3b157960",
                "name": "manila",
                "type": "share"
              },
              {
                "endpoints": [
                  {
                    "id": "9b1b818ebb7e4b5787930d44281d60ef",
                    "interface": "public",
                    "region": "IU",
                    "region_id": "IU",
                    "url": "https://js2.jetstream-cloud.org:8776/v3/4cd8d04bd97147deb120aaf90fabf3de"
                  },
                  {
                    "id": "9c63c3cc982b4337b08bf1c58598a121",
                    "interface": "internal",
                    "region": "IU",
                    "region_id": "IU",
                    "url": "https://js2.jetstream-cloud.org:8776/v3/4cd8d04bd97147deb120aaf90fabf3de"
                  },
                  {
                    "id": "f23f16c562b84ca3999f7eabc8f881e3",
                    "interface": "admin",
                    "region": "IU",
                    "region_id": "IU",
                    "url": "https://js2.jetstream-cloud.org:8776/v3/4cd8d04bd97147deb120aaf90fabf3de"
                  }
                ],
                "id": "a14d010aafd14dd6abe9d040f740ff7d",
                "name": "cinderv3",
                "type": "volumev3"
              },
              {
                "endpoints": [
                  {
                    "id": "1400346f278e42898a1dac5ef68f0621",
                    "interface": "admin",
                    "region": "IU",
                    "region_id": "IU",
                    "url": "https://js2.jetstream-cloud.org:8786/v2"
                  },
                  {
                    "id": "66006e4cfb094e7291c7ac10dcb9bcb4",
                    "interface": "internal",
                    "region": "IU",
                    "region_id": "IU",
                    "url": "https://js2.jetstream-cloud.org:8786/v2"
                  },
                  {
                    "id": "6e38a89cd34244abb38fe9ff46aef071",
                    "interface": "public",
                    "region": "IU",
                    "region_id": "IU",
                    "url": "https://js2.jetstream-cloud.org:8786/v2"
                  }
                ],
                "id": "a900432354e24732b0e184e846bc3b08",
                "name": "manilav2",
                "type": "sharev2"
              },
              {
                "endpoints": [
                  {
                    "id": "0e35144cff7b49f2b206a02bad676b6e",
                    "interface": "public",
                    "region": "IU",
                    "region_id": "IU",
                    "url": "https://js2.jetstream-cloud.org:8004/v1/4cd8d04bd97147deb120aaf90fabf3de"
                  },
                  {
                    "id": "9baddd70da744cdf9073c4e475b6a8f0",
                    "interface": "admin",
                    "region": "IU",
                    "region_id": "IU",
                    "url": "https://js2.jetstream-cloud.org:8004/v1/4cd8d04bd97147deb120aaf90fabf3de"
                  },
                  {
                    "id": "fa49e15e378e43c0b740eca79c4882b0",
                    "interface": "internal",
                    "region": "IU",
                    "region_id": "IU",
                    "url": "https://js2.jetstream-cloud.org:8004/v1/4cd8d04bd97147deb120aaf90fabf3de"
                  }
                ],
                "id": "ab88b87a2f8d44fabc6df63cd595684d",
                "name": "heat",
                "type": "orchestration"
              },
              {
                "endpoints": [
                  {
                    "id": "f8352b3698ee4ff9b1a5eeb5a32ed07c",
                    "interface": "public",
                    "region": "IU",
                    "region_id": "IU",
                    "url": "https://js2.jetstream-cloud.org:9002/"
                  }
                ],
                "id": "c64d1e475e9c4266aa44fe6321056887",
                "name": "designate",
                "type": "dns"
              },
              {
                "endpoints": [
                  {
                    "id": "999071159ece4f57b20a9bbed0242199",
                    "interface": "internal",
                    "region": "IU",
                    "region_id": "IU",
                    "url": "https://js2.jetstream-cloud.org:8774/v2.1"
                  },
                  {
                    "id": "c9549005bf2d4fbda0a4110a9b91373a",
                    "interface": "public",
                    "region": "IU",
                    "region_id": "IU",
                    "url": "https://js2.jetstream-cloud.org:8774/v2.1"
                  },
                  {
                    "id": "d4cc0dffa1f3483985dce1bf6f8d4f4d",
                    "interface": "admin",
                    "region": "IU",
                    "region_id": "IU",
                    "url": "https://js2.jetstream-cloud.org:8774/v2.1"
                  }
                ],
                "id": "ff3e1067a45344d1b7e6ff3eae3894f8",
                "name": "nova",
                "type": "compute"
              }
            ],
            "user_domain_id": "863ca4dddb2f43d8a8919758eccbc23a",
            "user_domain_name": "ACCESS",
            "user_id": "cfdaf4272c174187b0fab013da324d82",
            "user_name": "wellsaar@access-ci.org"
          },
          "sensitive_attributes": []
        }
      ]
    },
    {
      "mode": "managed",
      "type": "local_file",
      "name": "ansible_inventory",
      "provider": "provider[\"registry.terraform.io/hashicorp/local\"]",
      "instances": [
        {
          "schema_version": 0,
          "attributes": {
            "content": "[leader]\n\n149.165.172.142 ansible_connection=ssh        ansible_user=ubuntu\n",
            "content_base64": null,
            "directory_permission": "0777",
            "file_permission": "0777",
            "filename": "ansible/inventory.ini",
            "id": "3516cdd6f970eedb3d2f0b74d57319aada062323",
            "sensitive_content": null,
            "source": null
          },
          "sensitive_attributes": [],
          "private": "bnVsbA==",
          "dependencies": [
            "openstack_networking_floatingip_v2.terraform_floatip_ubuntu22"
          ]
        }
      ]
    },
    {
      "mode": "managed",
      "type": "null_resource",
      "name": "ansible_provisioners",
      "provider": "provider[\"registry.terraform.io/hashicorp/null\"]",
      "instances": [
        {
          "schema_version": 0,
          "attributes": {
            "id": "2490510874379906651",
            "triggers": null
          },
          "sensitive_attributes": [],
          "private": "bnVsbA==",
          "dependencies": [
            "openstack_compute_floatingip_associate_v2.ubuntu22_float",
            "openstack_compute_instance_v2.ubuntu22",
            "openstack_networking_floatingip_v2.terraform_floatip_ubuntu22",
            "openstack_networking_secgroup_v2.http_https_security_group",
            "openstack_networking_secgroup_v2.ssh_ping_security_group"
          ]
        }
      ]
    },
    {
      "mode": "managed",
      "type": "openstack_compute_floatingip_associate_v2",
      "name": "ubuntu22_float",
      "provider": "provider[\"registry.terraform.io/terraform-provider-openstack/openstack\"]",
      "instances": [
        {
          "schema_version": 0,
          "attributes": {
            "fixed_ip": "",
            "floating_ip": "149.165.172.142",
            "id": "149.165.172.142/d45ccadd-a0c6-4020-a53b-2777ed02ec01/",
            "instance_id": "d45ccadd-a0c6-4020-a53b-2777ed02ec01",
            "region": "IU",
            "timeouts": null,
            "wait_until_associated": true
          },
          "sensitive_attributes": [],
          "private": "eyJlMmJmYjczMC1lY2FhLTExZTYtOGY4OC0zNDM2M2JjN2M0YzAiOnsiY3JlYXRlIjo2MDAwMDAwMDAwMDB9fQ==",
          "dependencies": [
            "openstack_compute_instance_v2.ubuntu22",
            "openstack_networking_floatingip_v2.terraform_floatip_ubuntu22",
            "openstack_networking_secgroup_v2.http_https_security_group",
            "openstack_networking_secgroup_v2.ssh_ping_security_group"
          ]
        }
      ]
    },
    {
      "mode": "managed",
      "type": "openstack_compute_instance_v2",
      "name": "ubuntu22",
      "provider": "provider[\"registry.terraform.io/terraform-provider-openstack/openstack\"]",
      "instances": [
        {
          "schema_version": 0,
          "attributes": {
            "access_ip_v4": "10.1.103.251",
            "access_ip_v6": "",
            "admin_pass": null,
            "all_metadata": {
              "terraform_controlled": "yes",
              "terraform_role": "nginx_mariadb"
            },
            "all_tags": [],
            "availability_zone": "nova",
            "availability_zone_hints": null,
            "block_device": [],
            "config_drive": null,
            "flavor_id": "1",
            "flavor_name": "m3.tiny",
            "floating_ip": null,
            "force_delete": false,
            "id": "d45ccadd-a0c6-4020-a53b-2777ed02ec01",
            "image_id": "3811d1c8-bd13-4c6e-a02b-28c7f132f124",
            "image_name": "Featured-Ubuntu22",
            "key_pair": "wellsaar-ed",
            "metadata": {
              "terraform_controlled": "yes",
              "terraform_role": "nginx_mariadb"
            },
            "name": "wellsaar-nginx",
            "network": [
              {
                "access_network": false,
                "fixed_ip_v4": "10.1.103.251",
                "fixed_ip_v6": "",
                "floating_ip": "",
                "mac": "fa:16:3e:b2:25:3b",
                "name": "auto_allocated_network",
                "port": "",
                "uuid": "f87854e9-9ee7-4641-ba80-02e5149e6bde"
              }
            ],
            "network_mode": null,
            "personality": [],
            "power_state": "active",
            "region": "IU",
            "scheduler_hints": [],
            "security_groups": [
              "9a7cd5ff-784c-4853-80ff-faeb3e19a153",
              "de7f70ca-9860-4350-b7c1-b69564a0c48f",
              "default"
            ],
            "stop_before_destroy": false,
            "tags": null,
            "timeouts": null,
            "user_data": null,
            "vendor_options": [],
            "volume": []
          },
          "sensitive_attributes": [],
          "private": "eyJlMmJmYjczMC1lY2FhLTExZTYtOGY4OC0zNDM2M2JjN2M0YzAiOnsiY3JlYXRlIjoxODAwMDAwMDAwMDAwLCJkZWxldGUiOjE4MDAwMDAwMDAwMDAsInVwZGF0ZSI6MTgwMDAwMDAwMDAwMH19",
          "dependencies": [
            "openstack_networking_secgroup_v2.http_https_security_group",
            "openstack_networking_secgroup_v2.ssh_ping_security_group"
          ]
        }
      ]
    },
    {
      "mode": "managed",
      "type": "openstack_networking_floatingip_v2",
      "name": "terraform_floatip_ubuntu22",
      "provider": "provider[\"registry.terraform.io/terraform-provider-openstack/openstack\"]",
      "instances": [
        {
          "schema_version": 0,
          "attributes": {
            "address": "149.165.172.142",
            "all_tags": [],
            "description": "",
            "dns_domain": "",
            "dns_name": "",
            "fixed_ip": "",
            "id": "a554a8c1-ce82-474c-ae19-3ba394edd78f",
            "pool": "public",
            "port_id": "",
            "region": "IU",
            "subnet_id": null,
            "subnet_ids": null,
            "tags": null,
            "tenant_id": "4cd8d04bd97147deb120aaf90fabf3de",
            "timeouts": null,
            "value_specs": null
          },
          "sensitive_attributes": [],
          "private": "eyJlMmJmYjczMC1lY2FhLTExZTYtOGY4OC0zNDM2M2JjN2M0YzAiOnsiY3JlYXRlIjo2MDAwMDAwMDAwMDAsImRlbGV0ZSI6NjAwMDAwMDAwMDAwfX0="
        }
      ]
    },
    {
      "mode": "managed",
      "type": "openstack_networking_secgroup_rule_v2",
      "name": "ICMP_security_rule",
      "provider": "provider[\"registry.terraform.io/terraform-provider-openstack/openstack\"]",
      "instances": [
        {
          "schema_version": 0,
          "attributes": {
            "description": "",
            "direction": "ingress",
            "ethertype": "IPv4",
            "id": "54dd9060-adb5-42cc-9ae0-c4fa034bc764",
            "port_range_max": 0,
            "port_range_min": 0,
            "protocol": "icmp",
            "region": "IU",
            "remote_group_id": "",
            "remote_ip_prefix": "0.0.0.0/0",
            "security_group_id": "de7f70ca-9860-4350-b7c1-b69564a0c48f",
            "tenant_id": "4cd8d04bd97147deb120aaf90fabf3de",
            "timeouts": null
          },
          "sensitive_attributes": [],
          "private": "eyJlMmJmYjczMC1lY2FhLTExZTYtOGY4OC0zNDM2M2JjN2M0YzAiOnsiZGVsZXRlIjo2MDAwMDAwMDAwMDB9fQ==",
          "dependencies": [
            "openstack_networking_secgroup_v2.ssh_ping_security_group"
          ]
        }
      ]
    },
    {
      "mode": "managed",
      "type": "openstack_networking_secgroup_rule_v2",
      "name": "http_security_rule",
      "provider": "provider[\"registry.terraform.io/terraform-provider-openstack/openstack\"]",
      "instances": [
        {
          "schema_version": 0,
          "attributes": {
            "description": "",
            "direction": "ingress",
            "ethertype": "IPv4",
            "id": "43f74fb7-f53a-46f9-ad6d-2423cc5c1df1",
            "port_range_max": 80,
            "port_range_min": 80,
            "protocol": "tcp",
            "region": "IU",
            "remote_group_id": "",
            "remote_ip_prefix": "0.0.0.0/0",
            "security_group_id": "9a7cd5ff-784c-4853-80ff-faeb3e19a153",
            "tenant_id": "4cd8d04bd97147deb120aaf90fabf3de",
            "timeouts": null
          },
          "sensitive_attributes": [],
          "private": "eyJlMmJmYjczMC1lY2FhLTExZTYtOGY4OC0zNDM2M2JjN2M0YzAiOnsiZGVsZXRlIjo2MDAwMDAwMDAwMDB9fQ==",
          "dependencies": [
            "openstack_networking_secgroup_v2.http_https_security_group"
          ]
        }
      ]
    },
    {
      "mode": "managed",
      "type": "openstack_networking_secgroup_rule_v2",
      "name": "https_security_rule",
      "provider": "provider[\"registry.terraform.io/terraform-provider-openstack/openstack\"]",
      "instances": [
        {
          "schema_version": 0,
          "attributes": {
            "description": "",
            "direction": "ingress",
            "ethertype": "IPv4",
            "id": "25548f50-bf55-4aaa-8c7a-229f9a17c610",
            "port_range_max": 443,
            "port_range_min": 443,
            "protocol": "tcp",
            "region": "IU",
            "remote_group_id": "",
            "remote_ip_prefix": "0.0.0.0/0",
            "security_group_id": "9a7cd5ff-784c-4853-80ff-faeb3e19a153",
            "tenant_id": "4cd8d04bd97147deb120aaf90fabf3de",
            "timeouts": null
          },
          "sensitive_attributes": [],
          "private": "eyJlMmJmYjczMC1lY2FhLTExZTYtOGY4OC0zNDM2M2JjN2M0YzAiOnsiZGVsZXRlIjo2MDAwMDAwMDAwMDB9fQ==",
          "dependencies": [
            "openstack_networking_secgroup_v2.http_https_security_group"
          ]
        }
      ]
    },
    {
      "mode": "managed",
      "type": "openstack_networking_secgroup_rule_v2",
      "name": "ssh_security_rule",
      "provider": "provider[\"registry.terraform.io/terraform-provider-openstack/openstack\"]",
      "instances": [
        {
          "schema_version": 0,
          "attributes": {
            "description": "",
            "direction": "ingress",
            "ethertype": "IPv4",
            "id": "5322971f-edf8-4a1e-9e13-a65df3c5e4e7",
            "port_range_max": 22,
            "port_range_min": 22,
            "protocol": "tcp",
            "region": "IU",
            "remote_group_id": "",
            "remote_ip_prefix": "0.0.0.0/0",
            "security_group_id": "de7f70ca-9860-4350-b7c1-b69564a0c48f",
            "tenant_id": "4cd8d04bd97147deb120aaf90fabf3de",
            "timeouts": null
          },
          "sensitive_attributes": [],
          "private": "eyJlMmJmYjczMC1lY2FhLTExZTYtOGY4OC0zNDM2M2JjN2M0YzAiOnsiZGVsZXRlIjo2MDAwMDAwMDAwMDB9fQ==",
          "dependencies": [
            "openstack_networking_secgroup_v2.ssh_ping_security_group"
          ]
        }
      ]
    },
    {
      "mode": "managed",
      "type": "openstack_networking_secgroup_v2",
      "name": "http_https_security_group",
      "provider": "provider[\"registry.terraform.io/terraform-provider-openstack/openstack\"]",
      "instances": [
        {
          "schema_version": 0,
          "attributes": {
            "all_tags": [],
            "delete_default_rules": null,
            "description": "This allows http (80) and https (443) traffic into the instance.",
            "id": "9a7cd5ff-784c-4853-80ff-faeb3e19a153",
            "name": "wellsaar-http/s",
            "region": "IU",
            "tags": null,
            "tenant_id": "4cd8d04bd97147deb120aaf90fabf3de",
            "timeouts": null
          },
          "sensitive_attributes": [],
          "private": "eyJlMmJmYjczMC1lY2FhLTExZTYtOGY4OC0zNDM2M2JjN2M0YzAiOnsiZGVsZXRlIjo2MDAwMDAwMDAwMDB9fQ=="
        }
      ]
    },
    {
      "mode": "managed",
      "type": "openstack_networking_secgroup_v2",
      "name": "ssh_ping_security_group",
      "provider": "provider[\"registry.terraform.io/terraform-provider-openstack/openstack\"]",
      "instances": [
        {
          "schema_version": 0,
          "attributes": {
            "all_tags": [],
            "delete_default_rules": null,
            "description": "This allows ssh and ICMP packets into the instance",
            "id": "de7f70ca-9860-4350-b7c1-b69564a0c48f",
            "name": "wellsaar-ssh-icmp",
            "region": "IU",
            "tags": null,
            "tenant_id": "4cd8d04bd97147deb120aaf90fabf3de",
            "timeouts": null
          },
          "sensitive_attributes": [],
          "private": "eyJlMmJmYjczMC1lY2FhLTExZTYtOGY4OC0zNDM2M2JjN2M0YzAiOnsiZGVsZXRlIjo2MDAwMDAwMDAwMDB9fQ=="
        }
      ]
    }
  ],
  "check_results": null
}
